{
  "version": 4,
  "terraform_version": "1.3.9",
  "serial": 98,
  "lineage": "9fa12847-119b-622c-e460-c32700d6df1a",
  "outputs": {
    "kubeconfig": {
      "value": {
        "addons_config": [
          {
            "cloudrun_config": [],
            "config_connector_config": [],
            "dns_cache_config": [],
            "gce_persistent_disk_csi_driver_config": [
              {
                "enabled": true
              }
            ],
            "gcp_filestore_csi_driver_config": [],
            "gcs_fuse_csi_driver_config": [],
            "gke_backup_agent_config": [],
            "horizontal_pod_autoscaling": [],
            "http_load_balancing": [],
            "network_policy_config": [
              {
                "disabled": false
              }
            ]
          }
        ],
        "allow_net_admin": null,
        "authenticator_groups_config": [],
        "binary_authorization": [
          {
            "enabled": false,
            "evaluation_mode": ""
          }
        ],
        "cluster_autoscaling": [
          {
            "auto_provisioning_defaults": [],
            "enabled": false,
            "resource_limits": []
          }
        ],
        "cluster_ipv4_cidr": "10.108.0.0/14",
        "confidential_nodes": [],
        "cost_management_config": [],
        "database_encryption": [
          {
            "key_name": "",
            "state": "DECRYPTED"
          }
        ],
        "datapath_provider": "",
        "default_max_pods_per_node": 110,
        "default_snat_status": [
          {
            "disabled": false
          }
        ],
        "deletion_protection": false,
        "description": "",
        "dns_config": [],
        "enable_autopilot": false,
        "enable_intranode_visibility": false,
        "enable_k8s_beta_apis": [],
        "enable_kubernetes_alpha": false,
        "enable_l4_ilb_subsetting": false,
        "enable_legacy_abac": false,
        "enable_shielded_nodes": true,
        "enable_tpu": false,
        "endpoint": "34.136.163.249",
        "gateway_api_config": [],
        "id": "projects/devops-102023/locations/us-central1/clusters/devops-k8s",
        "initial_node_count": 1,
        "ip_allocation_policy": [
          {
            "additional_pod_ranges_config": [],
            "cluster_ipv4_cidr_block": "10.108.0.0/14",
            "cluster_secondary_range_name": "gke-devops-k8s-pods-8cfe3ac5",
            "pod_cidr_overprovision_config": [
              {
                "disabled": false
              }
            ],
            "services_ipv4_cidr_block": "10.112.0.0/20",
            "services_secondary_range_name": "gke-devops-k8s-services-8cfe3ac5",
            "stack_type": "IPV4"
          }
        ],
        "label_fingerprint": "a9dc16a7",
        "location": "us-central1",
        "logging_config": [
          {
            "enable_components": [
              "SYSTEM_COMPONENTS",
              "WORKLOADS"
            ]
          }
        ],
        "logging_service": "logging.googleapis.com/kubernetes",
        "maintenance_policy": [],
        "master_auth": [
          {
            "client_certificate": "",
            "client_certificate_config": [
              {
                "issue_client_certificate": false
              }
            ],
            "client_key": "",
            "cluster_ca_certificate": "LS0tLS1CRUdJTiBDRVJUSUZJQ0FURS0tLS0tCk1JSUVMVENDQXBXZ0F3SUJBZ0lSQVBrb2lac2JoWEIrb09pNlpsamszYnd3RFFZSktvWklodmNOQVFFTEJRQXcKTHpFdE1Dc0dBMVVFQXhNa05qRTRPV0UzT1RZdE16Y3dNUzAwT0dKakxUazNNR0V0TlRoaU1UbGpOREJqT1dObApNQ0FYRFRJek1UQXlNekEzTWpnek1Wb1lEekl3TlRNeE1ERTFNRGd5T0RNeFdqQXZNUzB3S3dZRFZRUURFeVEyCk1UZzVZVGM1Tmkwek56QXhMVFE0WW1NdE9UY3dZUzAxT0dJeE9XTTBNR001WTJVd2dnR2lNQTBHQ1NxR1NJYjMKRFFFQkFRVUFBNElCandBd2dnR0tBb0lCZ1FDeVhPMEp5L1BMK0V0N3RRWDE1V3UvYm9lcVR2bWRxTUJRL3RYWQp1dFcwQlZxMWtIZFJSWE1CbzV4ZXhLNmZwYmhrSEpUVHZEbFFaZUJSZHNIOHRGOG1SdWxYV05yZTU4Uk10V2ZKCkNLUzFpMGkxa0phVHlWdHdDRzZVQ09UTlpidERsLytleEU0Q1JHN3hPd2FUZkVPdGI4dk81SnZLUVJENUZJc2gKYmhPdzZ4d2RucndZNUM3SXFzKzl5bWVGL01zeVEzbTVvRjBOSGFuekNVV25qcXZ6WDlwcStTQjNUTVNRbkFkMQpNM0VvcXljS0dHMUlaWjRVbjRJYTkrR2lkRGxxSVdDNk5hSURSQ1ZkbG1xcmNNVVJrV2tmZFRhZzdVOXBiQUF3CitHV2M5c1dvcmUwZ0FqNjA2Q1g5NW9tSDkrYUZ5Mmg5Nk1FTzNEbTd5cXY3QmMydjdtN1o4aCtia0g2MERTWWQKQUVFYkxzVmIzMkgwK1hIMzBoSEVDbnNTOEs2aFpVN1UyYnZDVVFSTWdWMDdBWkhoKzNvcTJYZnh4cWFJa05vbgpWbjFmaVAzdk56TzFXZWVrNFdWditSLzBOTG1ZRnZnOGpFa0VCNmowM0xIVGx1bXJwQklzbThGVDNWaUlNUjc4ClZWaDA5UUF1bUpnVjNNbkErNll2VDZNa25HOENBd0VBQWFOQ01FQXdEZ1lEVlIwUEFRSC9CQVFEQWdJRU1BOEcKQTFVZEV3RUIvd1FGTUFNQkFmOHdIUVlEVlIwT0JCWUVGS09CeGtvdkRFclYrMXhMbi94ejd3bTI2TmtYTUEwRwpDU3FHU0liM0RRRUJDd1VBQTRJQmdRQVl4dEszdlBKdjVhTUNOSEh3dlFaL3pMVFplK3JQbTluRFRSTlo3Mi9HCm1iKzZLREtnRW9HMkovVGkzQ1VLT0tZRUtHcTdna3RiZFQrc1E1Vzl0aUFyQjJLSmVRbTYxcDJsQTFMbFUxamEKT2ZrdGZGbnlOWjBZSk0rT2FxSC9JTkozOHQ2ZkUxR29ac3hPaWN1UENKM1kvaXl4b1RRbzdkOC9FWGdzS0p1bwowNUM4V1BmYkZycEZKUzQvcTNvQ1N2Z2kwWU80TDkySDBaV0p2WDBCOFo3ODlCUzlRTWVyR0VpaTdOZ1l0NkxLCjBaM2ZuZGNsWjRkMFIxNzZhU0hSWkNyNmE5NEpXMWhzS1NxeExuNHpTcVNNaFJHWXkzVm04RFpBdzdNSUtmZEwKOVZIRzcwcWhsbkU4Lys3ZWlRYnFjSnFFVjd3aVNXQkhwK0pManVJTmliNG1CYlJvQVU2RklOdWZXNGZ4VmJETwowYWI3ZHlBZk5lblVmNUFhd0Q3eDIzTGM0a2kxb2tGTW41R081Y3dhRTFnK2VwYk5Ra1gyK0IrbEVqaHArNjVCCnZFS0pCNy82UndaME9wOTdyOWFFTVlwaGtvQS9PRmV1M3Z3MGNEcjUvR3hMRDMyOXZFajNkdGhWREpwcEhnLysKRFdtSlEvK1I1WEl6UTZVdENhblo0TWs9Ci0tLS0tRU5EIENFUlRJRklDQVRFLS0tLS0K"
          }
        ],
        "master_authorized_networks_config": [],
        "master_version": "1.27.3-gke.100",
        "mesh_certificates": [],
        "min_master_version": "1.27.3-gke.100",
        "monitoring_config": [
          {
            "advanced_datapath_observability_config": [
              {
                "enable_metrics": false,
                "relay_mode": "DISABLED"
              }
            ],
            "enable_components": [
              "SYSTEM_COMPONENTS"
            ],
            "managed_prometheus": [
              {
                "enabled": true
              }
            ]
          }
        ],
        "monitoring_service": "monitoring.googleapis.com/kubernetes",
        "name": "devops-k8s",
        "network": "projects/devops-102023/global/networks/devops-vpc",
        "network_policy": [
          {
            "enabled": true,
            "provider": ""
          }
        ],
        "networking_mode": "VPC_NATIVE",
        "node_config": [],
        "node_locations": [
          "us-central1-c"
        ],
        "node_pool": [],
        "node_pool_auto_config": [],
        "node_pool_defaults": [
          {
            "node_config_defaults": [
              {
                "logging_variant": "DEFAULT"
              }
            ]
          }
        ],
        "node_version": "1.27.3-gke.100",
        "notification_config": [
          {
            "pubsub": [
              {
                "enabled": false,
                "filter": [],
                "topic": ""
              }
            ]
          }
        ],
        "operation": null,
        "private_cluster_config": [
          {
            "enable_private_endpoint": false,
            "enable_private_nodes": false,
            "master_global_access_config": [
              {
                "enabled": false
              }
            ],
            "master_ipv4_cidr_block": "",
            "peering_name": "",
            "private_endpoint": "10.0.1.2",
            "private_endpoint_subnetwork": "",
            "public_endpoint": "34.136.163.249"
          }
        ],
        "private_ipv6_google_access": "",
        "project": "devops-102023",
        "release_channel": [
          {
            "channel": "STABLE"
          }
        ],
        "remove_default_node_pool": true,
        "resource_labels": {},
        "resource_usage_export_config": [],
        "security_posture_config": [
          {
            "mode": "BASIC",
            "vulnerability_mode": "VULNERABILITY_MODE_UNSPECIFIED"
          }
        ],
        "self_link": "https://container.googleapis.com/v1/projects/devops-102023/locations/us-central1/clusters/devops-k8s",
        "service_external_ips_config": [
          {
            "enabled": false
          }
        ],
        "services_ipv4_cidr": "10.112.0.0/20",
        "subnetwork": "projects/devops-102023/regions/us-central1/subnetworks/devops-vpc-subnet-1",
        "timeouts": null,
        "tpu_ipv4_cidr_block": "",
        "vertical_pod_autoscaling": [],
        "workload_identity_config": []
      },
      "type": [
        "object",
        {
          "addons_config": [
            "list",
            [
              "object",
              {
                "cloudrun_config": [
                  "list",
                  [
                    "object",
                    {
                      "disabled": "bool",
                      "load_balancer_type": "string"
                    }
                  ]
                ],
                "config_connector_config": [
                  "list",
                  [
                    "object",
                    {
                      "enabled": "bool"
                    }
                  ]
                ],
                "dns_cache_config": [
                  "list",
                  [
                    "object",
                    {
                      "enabled": "bool"
                    }
                  ]
                ],
                "gce_persistent_disk_csi_driver_config": [
                  "list",
                  [
                    "object",
                    {
                      "enabled": "bool"
                    }
                  ]
                ],
                "gcp_filestore_csi_driver_config": [
                  "list",
                  [
                    "object",
                    {
                      "enabled": "bool"
                    }
                  ]
                ],
                "gcs_fuse_csi_driver_config": [
                  "list",
                  [
                    "object",
                    {
                      "enabled": "bool"
                    }
                  ]
                ],
                "gke_backup_agent_config": [
                  "list",
                  [
                    "object",
                    {
                      "enabled": "bool"
                    }
                  ]
                ],
                "horizontal_pod_autoscaling": [
                  "list",
                  [
                    "object",
                    {
                      "disabled": "bool"
                    }
                  ]
                ],
                "http_load_balancing": [
                  "list",
                  [
                    "object",
                    {
                      "disabled": "bool"
                    }
                  ]
                ],
                "network_policy_config": [
                  "list",
                  [
                    "object",
                    {
                      "disabled": "bool"
                    }
                  ]
                ]
              }
            ]
          ],
          "allow_net_admin": "bool",
          "authenticator_groups_config": [
            "list",
            [
              "object",
              {
                "security_group": "string"
              }
            ]
          ],
          "binary_authorization": [
            "list",
            [
              "object",
              {
                "enabled": "bool",
                "evaluation_mode": "string"
              }
            ]
          ],
          "cluster_autoscaling": [
            "list",
            [
              "object",
              {
                "auto_provisioning_defaults": [
                  "list",
                  [
                    "object",
                    {
                      "boot_disk_kms_key": "string",
                      "disk_size": "number",
                      "disk_type": "string",
                      "image_type": "string",
                      "management": [
                        "list",
                        [
                          "object",
                          {
                            "auto_repair": "bool",
                            "auto_upgrade": "bool",
                            "upgrade_options": [
                              "list",
                              [
                                "object",
                                {
                                  "auto_upgrade_start_time": "string",
                                  "description": "string"
                                }
                              ]
                            ]
                          }
                        ]
                      ],
                      "min_cpu_platform": "string",
                      "oauth_scopes": [
                        "list",
                        "string"
                      ],
                      "service_account": "string",
                      "shielded_instance_config": [
                        "list",
                        [
                          "object",
                          {
                            "enable_integrity_monitoring": "bool",
                            "enable_secure_boot": "bool"
                          }
                        ]
                      ],
                      "upgrade_settings": [
                        "list",
                        [
                          "object",
                          {
                            "blue_green_settings": [
                              "list",
                              [
                                "object",
                                {
                                  "node_pool_soak_duration": "string",
                                  "standard_rollout_policy": [
                                    "list",
                                    [
                                      "object",
                                      {
                                        "batch_node_count": "number",
                                        "batch_percentage": "number",
                                        "batch_soak_duration": "string"
                                      }
                                    ]
                                  ]
                                }
                              ]
                            ],
                            "max_surge": "number",
                            "max_unavailable": "number",
                            "strategy": "string"
                          }
                        ]
                      ]
                    }
                  ]
                ],
                "enabled": "bool",
                "resource_limits": [
                  "list",
                  [
                    "object",
                    {
                      "maximum": "number",
                      "minimum": "number",
                      "resource_type": "string"
                    }
                  ]
                ]
              }
            ]
          ],
          "cluster_ipv4_cidr": "string",
          "confidential_nodes": [
            "list",
            [
              "object",
              {
                "enabled": "bool"
              }
            ]
          ],
          "cost_management_config": [
            "list",
            [
              "object",
              {
                "enabled": "bool"
              }
            ]
          ],
          "database_encryption": [
            "list",
            [
              "object",
              {
                "key_name": "string",
                "state": "string"
              }
            ]
          ],
          "datapath_provider": "string",
          "default_max_pods_per_node": "number",
          "default_snat_status": [
            "list",
            [
              "object",
              {
                "disabled": "bool"
              }
            ]
          ],
          "deletion_protection": "bool",
          "description": "string",
          "dns_config": [
            "list",
            [
              "object",
              {
                "cluster_dns": "string",
                "cluster_dns_domain": "string",
                "cluster_dns_scope": "string"
              }
            ]
          ],
          "enable_autopilot": "bool",
          "enable_intranode_visibility": "bool",
          "enable_k8s_beta_apis": [
            "list",
            [
              "object",
              {
                "enabled_apis": [
                  "set",
                  "string"
                ]
              }
            ]
          ],
          "enable_kubernetes_alpha": "bool",
          "enable_l4_ilb_subsetting": "bool",
          "enable_legacy_abac": "bool",
          "enable_shielded_nodes": "bool",
          "enable_tpu": "bool",
          "endpoint": "string",
          "gateway_api_config": [
            "list",
            [
              "object",
              {
                "channel": "string"
              }
            ]
          ],
          "id": "string",
          "initial_node_count": "number",
          "ip_allocation_policy": [
            "list",
            [
              "object",
              {
                "additional_pod_ranges_config": [
                  "list",
                  [
                    "object",
                    {
                      "pod_range_names": [
                        "set",
                        "string"
                      ]
                    }
                  ]
                ],
                "cluster_ipv4_cidr_block": "string",
                "cluster_secondary_range_name": "string",
                "pod_cidr_overprovision_config": [
                  "list",
                  [
                    "object",
                    {
                      "disabled": "bool"
                    }
                  ]
                ],
                "services_ipv4_cidr_block": "string",
                "services_secondary_range_name": "string",
                "stack_type": "string"
              }
            ]
          ],
          "label_fingerprint": "string",
          "location": "string",
          "logging_config": [
            "list",
            [
              "object",
              {
                "enable_components": [
                  "list",
                  "string"
                ]
              }
            ]
          ],
          "logging_service": "string",
          "maintenance_policy": [
            "list",
            [
              "object",
              {
                "daily_maintenance_window": [
                  "list",
                  [
                    "object",
                    {
                      "duration": "string",
                      "start_time": "string"
                    }
                  ]
                ],
                "maintenance_exclusion": [
                  "set",
                  [
                    "object",
                    {
                      "end_time": "string",
                      "exclusion_name": "string",
                      "exclusion_options": [
                        "list",
                        [
                          "object",
                          {
                            "scope": "string"
                          }
                        ]
                      ],
                      "start_time": "string"
                    }
                  ]
                ],
                "recurring_window": [
                  "list",
                  [
                    "object",
                    {
                      "end_time": "string",
                      "recurrence": "string",
                      "start_time": "string"
                    }
                  ]
                ]
              }
            ]
          ],
          "master_auth": [
            "list",
            [
              "object",
              {
                "client_certificate": "string",
                "client_certificate_config": [
                  "list",
                  [
                    "object",
                    {
                      "issue_client_certificate": "bool"
                    }
                  ]
                ],
                "client_key": "string",
                "cluster_ca_certificate": "string"
              }
            ]
          ],
          "master_authorized_networks_config": [
            "list",
            [
              "object",
              {
                "cidr_blocks": [
                  "set",
                  [
                    "object",
                    {
                      "cidr_block": "string",
                      "display_name": "string"
                    }
                  ]
                ],
                "gcp_public_cidrs_access_enabled": "bool"
              }
            ]
          ],
          "master_version": "string",
          "mesh_certificates": [
            "list",
            [
              "object",
              {
                "enable_certificates": "bool"
              }
            ]
          ],
          "min_master_version": "string",
          "monitoring_config": [
            "list",
            [
              "object",
              {
                "advanced_datapath_observability_config": [
                  "list",
                  [
                    "object",
                    {
                      "enable_metrics": "bool",
                      "relay_mode": "string"
                    }
                  ]
                ],
                "enable_components": [
                  "list",
                  "string"
                ],
                "managed_prometheus": [
                  "list",
                  [
                    "object",
                    {
                      "enabled": "bool"
                    }
                  ]
                ]
              }
            ]
          ],
          "monitoring_service": "string",
          "name": "string",
          "network": "string",
          "network_policy": [
            "list",
            [
              "object",
              {
                "enabled": "bool",
                "provider": "string"
              }
            ]
          ],
          "networking_mode": "string",
          "node_config": [
            "list",
            [
              "object",
              {
                "advanced_machine_features": [
                  "list",
                  [
                    "object",
                    {
                      "threads_per_core": "number"
                    }
                  ]
                ],
                "boot_disk_kms_key": "string",
                "confidential_nodes": [
                  "list",
                  [
                    "object",
                    {
                      "enabled": "bool"
                    }
                  ]
                ],
                "disk_size_gb": "number",
                "disk_type": "string",
                "effective_taints": [
                  "list",
                  [
                    "object",
                    {
                      "effect": "string",
                      "key": "string",
                      "value": "string"
                    }
                  ]
                ],
                "ephemeral_storage_local_ssd_config": [
                  "list",
                  [
                    "object",
                    {
                      "local_ssd_count": "number"
                    }
                  ]
                ],
                "fast_socket": [
                  "list",
                  [
                    "object",
                    {
                      "enabled": "bool"
                    }
                  ]
                ],
                "gcfs_config": [
                  "list",
                  [
                    "object",
                    {
                      "enabled": "bool"
                    }
                  ]
                ],
                "guest_accelerator": [
                  "list",
                  [
                    "object",
                    {
                      "count": "number",
                      "gpu_driver_installation_config": [
                        "list",
                        [
                          "object",
                          {
                            "gpu_driver_version": "string"
                          }
                        ]
                      ],
                      "gpu_partition_size": "string",
                      "gpu_sharing_config": [
                        "list",
                        [
                          "object",
                          {
                            "gpu_sharing_strategy": "string",
                            "max_shared_clients_per_gpu": "number"
                          }
                        ]
                      ],
                      "type": "string"
                    }
                  ]
                ],
                "gvnic": [
                  "list",
                  [
                    "object",
                    {
                      "enabled": "bool"
                    }
                  ]
                ],
                "host_maintenance_policy": [
                  "list",
                  [
                    "object",
                    {
                      "maintenance_interval": "string"
                    }
                  ]
                ],
                "image_type": "string",
                "kubelet_config": [
                  "list",
                  [
                    "object",
                    {
                      "cpu_cfs_quota": "bool",
                      "cpu_cfs_quota_period": "string",
                      "cpu_manager_policy": "string",
                      "pod_pids_limit": "number"
                    }
                  ]
                ],
                "labels": [
                  "map",
                  "string"
                ],
                "linux_node_config": [
                  "list",
                  [
                    "object",
                    {
                      "cgroup_mode": "string",
                      "sysctls": [
                        "map",
                        "string"
                      ]
                    }
                  ]
                ],
                "local_nvme_ssd_block_config": [
                  "list",
                  [
                    "object",
                    {
                      "local_ssd_count": "number"
                    }
                  ]
                ],
                "local_ssd_count": "number",
                "logging_variant": "string",
                "machine_type": "string",
                "metadata": [
                  "map",
                  "string"
                ],
                "min_cpu_platform": "string",
                "node_group": "string",
                "oauth_scopes": [
                  "set",
                  "string"
                ],
                "preemptible": "bool",
                "reservation_affinity": [
                  "list",
                  [
                    "object",
                    {
                      "consume_reservation_type": "string",
                      "key": "string",
                      "values": [
                        "set",
                        "string"
                      ]
                    }
                  ]
                ],
                "resource_labels": [
                  "map",
                  "string"
                ],
                "service_account": "string",
                "shielded_instance_config": [
                  "list",
                  [
                    "object",
                    {
                      "enable_integrity_monitoring": "bool",
                      "enable_secure_boot": "bool"
                    }
                  ]
                ],
                "sole_tenant_config": [
                  "list",
                  [
                    "object",
                    {
                      "node_affinity": [
                        "set",
                        [
                          "object",
                          {
                            "key": "string",
                            "operator": "string",
                            "values": [
                              "list",
                              "string"
                            ]
                          }
                        ]
                      ]
                    }
                  ]
                ],
                "spot": "bool",
                "tags": [
                  "list",
                  "string"
                ],
                "taint": [
                  "list",
                  [
                    "object",
                    {
                      "effect": "string",
                      "key": "string",
                      "value": "string"
                    }
                  ]
                ],
                "workload_metadata_config": [
                  "list",
                  [
                    "object",
                    {
                      "mode": "string"
                    }
                  ]
                ]
              }
            ]
          ],
          "node_locations": [
            "set",
            "string"
          ],
          "node_pool": [
            "list",
            [
              "object",
              {
                "autoscaling": [
                  "list",
                  [
                    "object",
                    {
                      "location_policy": "string",
                      "max_node_count": "number",
                      "min_node_count": "number",
                      "total_max_node_count": "number",
                      "total_min_node_count": "number"
                    }
                  ]
                ],
                "initial_node_count": "number",
                "instance_group_urls": [
                  "list",
                  "string"
                ],
                "managed_instance_group_urls": [
                  "list",
                  "string"
                ],
                "management": [
                  "list",
                  [
                    "object",
                    {
                      "auto_repair": "bool",
                      "auto_upgrade": "bool"
                    }
                  ]
                ],
                "max_pods_per_node": "number",
                "name": "string",
                "name_prefix": "string",
                "network_config": [
                  "list",
                  [
                    "object",
                    {
                      "create_pod_range": "bool",
                      "enable_private_nodes": "bool",
                      "pod_cidr_overprovision_config": [
                        "list",
                        [
                          "object",
                          {
                            "disabled": "bool"
                          }
                        ]
                      ],
                      "pod_ipv4_cidr_block": "string",
                      "pod_range": "string"
                    }
                  ]
                ],
                "node_config": [
                  "list",
                  [
                    "object",
                    {
                      "advanced_machine_features": [
                        "list",
                        [
                          "object",
                          {
                            "threads_per_core": "number"
                          }
                        ]
                      ],
                      "boot_disk_kms_key": "string",
                      "confidential_nodes": [
                        "list",
                        [
                          "object",
                          {
                            "enabled": "bool"
                          }
                        ]
                      ],
                      "disk_size_gb": "number",
                      "disk_type": "string",
                      "effective_taints": [
                        "list",
                        [
                          "object",
                          {
                            "effect": "string",
                            "key": "string",
                            "value": "string"
                          }
                        ]
                      ],
                      "ephemeral_storage_local_ssd_config": [
                        "list",
                        [
                          "object",
                          {
                            "local_ssd_count": "number"
                          }
                        ]
                      ],
                      "fast_socket": [
                        "list",
                        [
                          "object",
                          {
                            "enabled": "bool"
                          }
                        ]
                      ],
                      "gcfs_config": [
                        "list",
                        [
                          "object",
                          {
                            "enabled": "bool"
                          }
                        ]
                      ],
                      "guest_accelerator": [
                        "list",
                        [
                          "object",
                          {
                            "count": "number",
                            "gpu_driver_installation_config": [
                              "list",
                              [
                                "object",
                                {
                                  "gpu_driver_version": "string"
                                }
                              ]
                            ],
                            "gpu_partition_size": "string",
                            "gpu_sharing_config": [
                              "list",
                              [
                                "object",
                                {
                                  "gpu_sharing_strategy": "string",
                                  "max_shared_clients_per_gpu": "number"
                                }
                              ]
                            ],
                            "type": "string"
                          }
                        ]
                      ],
                      "gvnic": [
                        "list",
                        [
                          "object",
                          {
                            "enabled": "bool"
                          }
                        ]
                      ],
                      "host_maintenance_policy": [
                        "list",
                        [
                          "object",
                          {
                            "maintenance_interval": "string"
                          }
                        ]
                      ],
                      "image_type": "string",
                      "kubelet_config": [
                        "list",
                        [
                          "object",
                          {
                            "cpu_cfs_quota": "bool",
                            "cpu_cfs_quota_period": "string",
                            "cpu_manager_policy": "string",
                            "pod_pids_limit": "number"
                          }
                        ]
                      ],
                      "labels": [
                        "map",
                        "string"
                      ],
                      "linux_node_config": [
                        "list",
                        [
                          "object",
                          {
                            "cgroup_mode": "string",
                            "sysctls": [
                              "map",
                              "string"
                            ]
                          }
                        ]
                      ],
                      "local_nvme_ssd_block_config": [
                        "list",
                        [
                          "object",
                          {
                            "local_ssd_count": "number"
                          }
                        ]
                      ],
                      "local_ssd_count": "number",
                      "logging_variant": "string",
                      "machine_type": "string",
                      "metadata": [
                        "map",
                        "string"
                      ],
                      "min_cpu_platform": "string",
                      "node_group": "string",
                      "oauth_scopes": [
                        "set",
                        "string"
                      ],
                      "preemptible": "bool",
                      "reservation_affinity": [
                        "list",
                        [
                          "object",
                          {
                            "consume_reservation_type": "string",
                            "key": "string",
                            "values": [
                              "set",
                              "string"
                            ]
                          }
                        ]
                      ],
                      "resource_labels": [
                        "map",
                        "string"
                      ],
                      "service_account": "string",
                      "shielded_instance_config": [
                        "list",
                        [
                          "object",
                          {
                            "enable_integrity_monitoring": "bool",
                            "enable_secure_boot": "bool"
                          }
                        ]
                      ],
                      "sole_tenant_config": [
                        "list",
                        [
                          "object",
                          {
                            "node_affinity": [
                              "set",
                              [
                                "object",
                                {
                                  "key": "string",
                                  "operator": "string",
                                  "values": [
                                    "list",
                                    "string"
                                  ]
                                }
                              ]
                            ]
                          }
                        ]
                      ],
                      "spot": "bool",
                      "tags": [
                        "list",
                        "string"
                      ],
                      "taint": [
                        "list",
                        [
                          "object",
                          {
                            "effect": "string",
                            "key": "string",
                            "value": "string"
                          }
                        ]
                      ],
                      "workload_metadata_config": [
                        "list",
                        [
                          "object",
                          {
                            "mode": "string"
                          }
                        ]
                      ]
                    }
                  ]
                ],
                "node_count": "number",
                "node_locations": [
                  "set",
                  "string"
                ],
                "placement_policy": [
                  "list",
                  [
                    "object",
                    {
                      "policy_name": "string",
                      "tpu_topology": "string",
                      "type": "string"
                    }
                  ]
                ],
                "upgrade_settings": [
                  "list",
                  [
                    "object",
                    {
                      "blue_green_settings": [
                        "list",
                        [
                          "object",
                          {
                            "node_pool_soak_duration": "string",
                            "standard_rollout_policy": [
                              "list",
                              [
                                "object",
                                {
                                  "batch_node_count": "number",
                                  "batch_percentage": "number",
                                  "batch_soak_duration": "string"
                                }
                              ]
                            ]
                          }
                        ]
                      ],
                      "max_surge": "number",
                      "max_unavailable": "number",
                      "strategy": "string"
                    }
                  ]
                ],
                "version": "string"
              }
            ]
          ],
          "node_pool_auto_config": [
            "list",
            [
              "object",
              {
                "network_tags": [
                  "list",
                  [
                    "object",
                    {
                      "tags": [
                        "list",
                        "string"
                      ]
                    }
                  ]
                ]
              }
            ]
          ],
          "node_pool_defaults": [
            "list",
            [
              "object",
              {
                "node_config_defaults": [
                  "list",
                  [
                    "object",
                    {
                      "logging_variant": "string"
                    }
                  ]
                ]
              }
            ]
          ],
          "node_version": "string",
          "notification_config": [
            "list",
            [
              "object",
              {
                "pubsub": [
                  "list",
                  [
                    "object",
                    {
                      "enabled": "bool",
                      "filter": [
                        "list",
                        [
                          "object",
                          {
                            "event_type": [
                              "list",
                              "string"
                            ]
                          }
                        ]
                      ],
                      "topic": "string"
                    }
                  ]
                ]
              }
            ]
          ],
          "operation": "string",
          "private_cluster_config": [
            "list",
            [
              "object",
              {
                "enable_private_endpoint": "bool",
                "enable_private_nodes": "bool",
                "master_global_access_config": [
                  "list",
                  [
                    "object",
                    {
                      "enabled": "bool"
                    }
                  ]
                ],
                "master_ipv4_cidr_block": "string",
                "peering_name": "string",
                "private_endpoint": "string",
                "private_endpoint_subnetwork": "string",
                "public_endpoint": "string"
              }
            ]
          ],
          "private_ipv6_google_access": "string",
          "project": "string",
          "release_channel": [
            "list",
            [
              "object",
              {
                "channel": "string"
              }
            ]
          ],
          "remove_default_node_pool": "bool",
          "resource_labels": [
            "map",
            "string"
          ],
          "resource_usage_export_config": [
            "list",
            [
              "object",
              {
                "bigquery_destination": [
                  "list",
                  [
                    "object",
                    {
                      "dataset_id": "string"
                    }
                  ]
                ],
                "enable_network_egress_metering": "bool",
                "enable_resource_consumption_metering": "bool"
              }
            ]
          ],
          "security_posture_config": [
            "list",
            [
              "object",
              {
                "mode": "string",
                "vulnerability_mode": "string"
              }
            ]
          ],
          "self_link": "string",
          "service_external_ips_config": [
            "list",
            [
              "object",
              {
                "enabled": "bool"
              }
            ]
          ],
          "services_ipv4_cidr": "string",
          "subnetwork": "string",
          "timeouts": [
            "object",
            {
              "create": "string",
              "delete": "string",
              "read": "string",
              "update": "string"
            }
          ],
          "tpu_ipv4_cidr_block": "string",
          "vertical_pod_autoscaling": [
            "list",
            [
              "object",
              {
                "enabled": "bool"
              }
            ]
          ],
          "workload_identity_config": [
            "list",
            [
              "object",
              {
                "workload_pool": "string"
              }
            ]
          ]
        }
      ],
      "sensitive": true
    },
    "subnet_1_id": {
      "value": "projects/devops-102023/regions/us-central1/subnetworks/devops-vpc-subnet-1",
      "type": "string"
    },
    "subnet_2_id": {
      "value": "projects/devops-102023/regions/us-central1/subnetworks/devops-vpc-subnet-2",
      "type": "string"
    },
    "vpc_network_id": {
      "value": "projects/devops-102023/global/networks/devops-vpc",
      "type": "string"
    }
  },
  "resources": [
    {
      "module": "module.gke",
      "mode": "data",
      "type": "google_compute_network",
      "name": "vpc-network",
      "provider": "provider[\"registry.terraform.io/hashicorp/google\"]",
      "instances": [
        {
          "schema_version": 0,
          "attributes": {
            "description": "",
            "gateway_ipv4": "",
            "id": "projects/devops-102023/global/networks/devops-vpc",
            "name": "devops-vpc",
            "project": null,
            "self_link": "https://www.googleapis.com/compute/v1/projects/devops-102023/global/networks/devops-vpc",
            "subnetworks_self_links": [
              "https://www.googleapis.com/compute/v1/projects/devops-102023/regions/us-central1/subnetworks/devops-vpc-subnet-2",
              "https://www.googleapis.com/compute/v1/projects/devops-102023/regions/us-central1/subnetworks/devops-vpc-subnet-1"
            ]
          },
          "sensitive_attributes": []
        }
      ]
    },
    {
      "module": "module.gke",
      "mode": "data",
      "type": "google_compute_subnetwork",
      "name": "vpc-subnetwork",
      "provider": "provider[\"registry.terraform.io/hashicorp/google\"]",
      "instances": [
        {
          "schema_version": 0,
          "attributes": {
            "description": "",
            "gateway_address": "10.0.1.1",
            "id": "projects/devops-102023/regions/us-central1/subnetworks/devops-vpc-subnet-1",
            "ip_cidr_range": "10.0.1.0/24",
            "name": "devops-vpc-subnet-1",
            "network": "https://www.googleapis.com/compute/v1/projects/devops-102023/global/networks/devops-vpc",
            "private_ip_google_access": true,
            "project": "devops-102023",
            "region": "us-central1",
            "secondary_ip_range": [
              {
                "ip_cidr_range": "10.112.0.0/20",
                "range_name": "gke-devops-k8s-services-8cfe3ac5"
              },
              {
                "ip_cidr_range": "10.108.0.0/14",
                "range_name": "gke-devops-k8s-pods-8cfe3ac5"
              }
            ],
            "self_link": "https://www.googleapis.com/compute/v1/projects/devops-102023/regions/us-central1/subnetworks/devops-vpc-subnet-1"
          },
          "sensitive_attributes": []
        }
      ]
    },
    {
      "module": "module.gke",
      "mode": "managed",
      "type": "google_container_cluster",
      "name": "my_cluster",
      "provider": "provider[\"registry.terraform.io/hashicorp/google\"]",
      "instances": [
        {
          "schema_version": 2,
          "attributes": {
            "addons_config": [
              {
                "cloudrun_config": [],
                "config_connector_config": [],
                "dns_cache_config": [],
                "gce_persistent_disk_csi_driver_config": [
                  {
                    "enabled": true
                  }
                ],
                "gcp_filestore_csi_driver_config": [],
                "gcs_fuse_csi_driver_config": [],
                "gke_backup_agent_config": [],
                "horizontal_pod_autoscaling": [],
                "http_load_balancing": [],
                "network_policy_config": [
                  {
                    "disabled": false
                  }
                ]
              }
            ],
            "allow_net_admin": null,
            "authenticator_groups_config": [],
            "binary_authorization": [
              {
                "enabled": false,
                "evaluation_mode": ""
              }
            ],
            "cluster_autoscaling": [
              {
                "auto_provisioning_defaults": [],
                "enabled": false,
                "resource_limits": []
              }
            ],
            "cluster_ipv4_cidr": "10.108.0.0/14",
            "confidential_nodes": [],
            "cost_management_config": [],
            "database_encryption": [
              {
                "key_name": "",
                "state": "DECRYPTED"
              }
            ],
            "datapath_provider": "",
            "default_max_pods_per_node": 110,
            "default_snat_status": [
              {
                "disabled": false
              }
            ],
            "deletion_protection": false,
            "description": "",
            "dns_config": [],
            "enable_autopilot": false,
            "enable_intranode_visibility": false,
            "enable_k8s_beta_apis": [],
            "enable_kubernetes_alpha": false,
            "enable_l4_ilb_subsetting": false,
            "enable_legacy_abac": false,
            "enable_shielded_nodes": true,
            "enable_tpu": false,
            "endpoint": "34.136.163.249",
            "gateway_api_config": [],
            "id": "projects/devops-102023/locations/us-central1/clusters/devops-k8s",
            "initial_node_count": 1,
            "ip_allocation_policy": [
              {
                "additional_pod_ranges_config": [],
                "cluster_ipv4_cidr_block": "10.108.0.0/14",
                "cluster_secondary_range_name": "gke-devops-k8s-pods-8cfe3ac5",
                "pod_cidr_overprovision_config": [
                  {
                    "disabled": false
                  }
                ],
                "services_ipv4_cidr_block": "10.112.0.0/20",
                "services_secondary_range_name": "gke-devops-k8s-services-8cfe3ac5",
                "stack_type": "IPV4"
              }
            ],
            "label_fingerprint": "a9dc16a7",
            "location": "us-central1",
            "logging_config": [
              {
                "enable_components": [
                  "SYSTEM_COMPONENTS",
                  "WORKLOADS"
                ]
              }
            ],
            "logging_service": "logging.googleapis.com/kubernetes",
            "maintenance_policy": [],
            "master_auth": [
              {
                "client_certificate": "",
                "client_certificate_config": [
                  {
                    "issue_client_certificate": false
                  }
                ],
                "client_key": "",
                "cluster_ca_certificate": "LS0tLS1CRUdJTiBDRVJUSUZJQ0FURS0tLS0tCk1JSUVMVENDQXBXZ0F3SUJBZ0lSQVBrb2lac2JoWEIrb09pNlpsamszYnd3RFFZSktvWklodmNOQVFFTEJRQXcKTHpFdE1Dc0dBMVVFQXhNa05qRTRPV0UzT1RZdE16Y3dNUzAwT0dKakxUazNNR0V0TlRoaU1UbGpOREJqT1dObApNQ0FYRFRJek1UQXlNekEzTWpnek1Wb1lEekl3TlRNeE1ERTFNRGd5T0RNeFdqQXZNUzB3S3dZRFZRUURFeVEyCk1UZzVZVGM1Tmkwek56QXhMVFE0WW1NdE9UY3dZUzAxT0dJeE9XTTBNR001WTJVd2dnR2lNQTBHQ1NxR1NJYjMKRFFFQkFRVUFBNElCandBd2dnR0tBb0lCZ1FDeVhPMEp5L1BMK0V0N3RRWDE1V3UvYm9lcVR2bWRxTUJRL3RYWQp1dFcwQlZxMWtIZFJSWE1CbzV4ZXhLNmZwYmhrSEpUVHZEbFFaZUJSZHNIOHRGOG1SdWxYV05yZTU4Uk10V2ZKCkNLUzFpMGkxa0phVHlWdHdDRzZVQ09UTlpidERsLytleEU0Q1JHN3hPd2FUZkVPdGI4dk81SnZLUVJENUZJc2gKYmhPdzZ4d2RucndZNUM3SXFzKzl5bWVGL01zeVEzbTVvRjBOSGFuekNVV25qcXZ6WDlwcStTQjNUTVNRbkFkMQpNM0VvcXljS0dHMUlaWjRVbjRJYTkrR2lkRGxxSVdDNk5hSURSQ1ZkbG1xcmNNVVJrV2tmZFRhZzdVOXBiQUF3CitHV2M5c1dvcmUwZ0FqNjA2Q1g5NW9tSDkrYUZ5Mmg5Nk1FTzNEbTd5cXY3QmMydjdtN1o4aCtia0g2MERTWWQKQUVFYkxzVmIzMkgwK1hIMzBoSEVDbnNTOEs2aFpVN1UyYnZDVVFSTWdWMDdBWkhoKzNvcTJYZnh4cWFJa05vbgpWbjFmaVAzdk56TzFXZWVrNFdWditSLzBOTG1ZRnZnOGpFa0VCNmowM0xIVGx1bXJwQklzbThGVDNWaUlNUjc4ClZWaDA5UUF1bUpnVjNNbkErNll2VDZNa25HOENBd0VBQWFOQ01FQXdEZ1lEVlIwUEFRSC9CQVFEQWdJRU1BOEcKQTFVZEV3RUIvd1FGTUFNQkFmOHdIUVlEVlIwT0JCWUVGS09CeGtvdkRFclYrMXhMbi94ejd3bTI2TmtYTUEwRwpDU3FHU0liM0RRRUJDd1VBQTRJQmdRQVl4dEszdlBKdjVhTUNOSEh3dlFaL3pMVFplK3JQbTluRFRSTlo3Mi9HCm1iKzZLREtnRW9HMkovVGkzQ1VLT0tZRUtHcTdna3RiZFQrc1E1Vzl0aUFyQjJLSmVRbTYxcDJsQTFMbFUxamEKT2ZrdGZGbnlOWjBZSk0rT2FxSC9JTkozOHQ2ZkUxR29ac3hPaWN1UENKM1kvaXl4b1RRbzdkOC9FWGdzS0p1bwowNUM4V1BmYkZycEZKUzQvcTNvQ1N2Z2kwWU80TDkySDBaV0p2WDBCOFo3ODlCUzlRTWVyR0VpaTdOZ1l0NkxLCjBaM2ZuZGNsWjRkMFIxNzZhU0hSWkNyNmE5NEpXMWhzS1NxeExuNHpTcVNNaFJHWXkzVm04RFpBdzdNSUtmZEwKOVZIRzcwcWhsbkU4Lys3ZWlRYnFjSnFFVjd3aVNXQkhwK0pManVJTmliNG1CYlJvQVU2RklOdWZXNGZ4VmJETwowYWI3ZHlBZk5lblVmNUFhd0Q3eDIzTGM0a2kxb2tGTW41R081Y3dhRTFnK2VwYk5Ra1gyK0IrbEVqaHArNjVCCnZFS0pCNy82UndaME9wOTdyOWFFTVlwaGtvQS9PRmV1M3Z3MGNEcjUvR3hMRDMyOXZFajNkdGhWREpwcEhnLysKRFdtSlEvK1I1WEl6UTZVdENhblo0TWs9Ci0tLS0tRU5EIENFUlRJRklDQVRFLS0tLS0K"
              }
            ],
            "master_authorized_networks_config": [],
            "master_version": "1.27.3-gke.100",
            "mesh_certificates": [],
            "min_master_version": "1.27.3-gke.100",
            "monitoring_config": [
              {
                "advanced_datapath_observability_config": [
                  {
                    "enable_metrics": false,
                    "relay_mode": "DISABLED"
                  }
                ],
                "enable_components": [
                  "SYSTEM_COMPONENTS"
                ],
                "managed_prometheus": [
                  {
                    "enabled": true
                  }
                ]
              }
            ],
            "monitoring_service": "monitoring.googleapis.com/kubernetes",
            "name": "devops-k8s",
            "network": "projects/devops-102023/global/networks/devops-vpc",
            "network_policy": [
              {
                "enabled": true,
                "provider": ""
              }
            ],
            "networking_mode": "VPC_NATIVE",
            "node_config": [],
            "node_locations": [
              "us-central1-c"
            ],
            "node_pool": [],
            "node_pool_auto_config": [],
            "node_pool_defaults": [
              {
                "node_config_defaults": [
                  {
                    "logging_variant": "DEFAULT"
                  }
                ]
              }
            ],
            "node_version": "1.27.3-gke.100",
            "notification_config": [
              {
                "pubsub": [
                  {
                    "enabled": false,
                    "filter": [],
                    "topic": ""
                  }
                ]
              }
            ],
            "operation": null,
            "private_cluster_config": [
              {
                "enable_private_endpoint": false,
                "enable_private_nodes": false,
                "master_global_access_config": [
                  {
                    "enabled": false
                  }
                ],
                "master_ipv4_cidr_block": "",
                "peering_name": "",
                "private_endpoint": "10.0.1.2",
                "private_endpoint_subnetwork": "",
                "public_endpoint": "34.136.163.249"
              }
            ],
            "private_ipv6_google_access": "",
            "project": "devops-102023",
            "release_channel": [
              {
                "channel": "STABLE"
              }
            ],
            "remove_default_node_pool": true,
            "resource_labels": {},
            "resource_usage_export_config": [],
            "security_posture_config": [
              {
                "mode": "BASIC",
                "vulnerability_mode": "VULNERABILITY_MODE_UNSPECIFIED"
              }
            ],
            "self_link": "https://container.googleapis.com/v1/projects/devops-102023/locations/us-central1/clusters/devops-k8s",
            "service_external_ips_config": [
              {
                "enabled": false
              }
            ],
            "services_ipv4_cidr": "10.112.0.0/20",
            "subnetwork": "projects/devops-102023/regions/us-central1/subnetworks/devops-vpc-subnet-1",
            "timeouts": null,
            "tpu_ipv4_cidr_block": "",
            "vertical_pod_autoscaling": [],
            "workload_identity_config": []
          },
          "sensitive_attributes": [],
          "private": "eyJlMmJmYjczMC1lY2FhLTExZTYtOGY4OC0zNDM2M2JjN2M0YzAiOnsiY3JlYXRlIjoyNDAwMDAwMDAwMDAwLCJkZWxldGUiOjI0MDAwMDAwMDAwMDAsInJlYWQiOjI0MDAwMDAwMDAwMDAsInVwZGF0ZSI6MzYwMDAwMDAwMDAwMH0sInNjaGVtYV92ZXJzaW9uIjoiMiJ9",
          "dependencies": [
            "module.gke.data.google_compute_network.vpc-network",
            "module.gke.data.google_compute_subnetwork.vpc-subnetwork",
            "module.vpc.google_compute_firewall.my-firewall",
            "module.vpc.google_compute_network.vpc_network",
            "module.vpc.google_compute_subnetwork.subnet-1",
            "module.vpc.google_compute_subnetwork.subnet-2"
          ]
        }
      ]
    },
    {
      "module": "module.gke",
      "mode": "managed",
      "type": "google_container_node_pool",
      "name": "primary_preemptible_nodes",
      "provider": "provider[\"registry.terraform.io/hashicorp/google\"]",
      "instances": [
        {
          "schema_version": 1,
          "attributes": {
            "autoscaling": [],
            "cluster": "projects/devops-102023/locations/us-central1/clusters/devops-k8s",
            "id": "projects/devops-102023/locations/us-central1/clusters/devops-k8s/nodePools/my-node-pool",
            "initial_node_count": 2,
            "instance_group_urls": [
              "https://www.googleapis.com/compute/v1/projects/devops-102023/zones/us-central1-c/instanceGroupManagers/gke-devops-k8s-my-node-pool-b3fabb9d-grp"
            ],
            "location": "us-central1",
            "managed_instance_group_urls": [
              "https://www.googleapis.com/compute/v1/projects/devops-102023/zones/us-central1-c/instanceGroups/gke-devops-k8s-my-node-pool-b3fabb9d-grp"
            ],
            "management": [
              {
                "auto_repair": true,
                "auto_upgrade": true
              }
            ],
            "max_pods_per_node": 110,
            "name": "my-node-pool",
            "name_prefix": "",
            "network_config": [
              {
                "create_pod_range": false,
                "enable_private_nodes": false,
                "pod_cidr_overprovision_config": [],
                "pod_ipv4_cidr_block": "10.108.0.0/14",
                "pod_range": "gke-devops-k8s-pods-8cfe3ac5"
              }
            ],
            "node_config": [
              {
                "advanced_machine_features": [],
                "boot_disk_kms_key": "",
                "confidential_nodes": [],
                "disk_size_gb": 20,
                "disk_type": "pd-standard",
                "effective_taints": [],
                "ephemeral_storage_local_ssd_config": [],
                "fast_socket": [],
                "gcfs_config": [],
                "guest_accelerator": [],
                "gvnic": [],
                "host_maintenance_policy": [],
                "image_type": "COS_CONTAINERD",
                "kubelet_config": [],
                "labels": {},
                "linux_node_config": [],
                "local_nvme_ssd_block_config": [],
                "local_ssd_count": 0,
                "logging_variant": "DEFAULT",
                "machine_type": "e2-medium",
                "metadata": {
                  "disable-legacy-endpoints": "true"
                },
                "min_cpu_platform": "",
                "node_group": "",
                "oauth_scopes": [
                  "https://www.googleapis.com/auth/cloud-platform"
                ],
                "preemptible": true,
                "reservation_affinity": [],
                "resource_labels": null,
                "service_account": "gke-sa@devops-102023.iam.gserviceaccount.com",
                "shielded_instance_config": [
                  {
                    "enable_integrity_monitoring": true,
                    "enable_secure_boot": false
                  }
                ],
                "sole_tenant_config": [],
                "spot": false,
                "tags": null,
                "taint": [],
                "workload_metadata_config": []
              }
            ],
            "node_count": 2,
            "node_locations": [
              "us-central1-c"
            ],
            "operation": null,
            "placement_policy": [],
            "project": "devops-102023",
            "timeouts": null,
            "upgrade_settings": [
              {
                "blue_green_settings": [],
                "max_surge": 1,
                "max_unavailable": 0,
                "strategy": "SURGE"
              }
            ],
            "version": "1.27.3-gke.100"
          },
          "sensitive_attributes": [],
          "private": "eyJlMmJmYjczMC1lY2FhLTExZTYtOGY4OC0zNDM2M2JjN2M0YzAiOnsiY3JlYXRlIjoxODAwMDAwMDAwMDAwLCJkZWxldGUiOjE4MDAwMDAwMDAwMDAsInVwZGF0ZSI6MTgwMDAwMDAwMDAwMH0sInNjaGVtYV92ZXJzaW9uIjoiMSJ9",
          "dependencies": [
            "module.gke.data.google_compute_network.vpc-network",
            "module.gke.data.google_compute_subnetwork.vpc-subnetwork",
            "module.gke.google_container_cluster.my_cluster",
            "module.gke.google_service_account.sa",
            "module.vpc.google_compute_firewall.my-firewall",
            "module.vpc.google_compute_network.vpc_network",
            "module.vpc.google_compute_subnetwork.subnet-1",
            "module.vpc.google_compute_subnetwork.subnet-2"
          ]
        }
      ]
    },
    {
      "module": "module.gke",
      "mode": "managed",
      "type": "google_service_account",
      "name": "sa",
      "provider": "provider[\"registry.terraform.io/hashicorp/google\"]",
      "instances": [
        {
          "schema_version": 0,
          "attributes": {
            "account_id": "gke-sa",
            "description": "",
            "disabled": false,
            "display_name": "gke-sa",
            "email": "gke-sa@devops-102023.iam.gserviceaccount.com",
            "id": "projects/devops-102023/serviceAccounts/gke-sa@devops-102023.iam.gserviceaccount.com",
            "member": "serviceAccount:gke-sa@devops-102023.iam.gserviceaccount.com",
            "name": "projects/devops-102023/serviceAccounts/gke-sa@devops-102023.iam.gserviceaccount.com",
            "project": "devops-102023",
            "timeouts": null,
            "unique_id": "100468018660309112836"
          },
          "sensitive_attributes": [],
          "private": "eyJlMmJmYjczMC1lY2FhLTExZTYtOGY4OC0zNDM2M2JjN2M0YzAiOnsiY3JlYXRlIjozMDAwMDAwMDAwMDB9fQ==",
          "dependencies": [
            "module.vpc.google_compute_firewall.my-firewall",
            "module.vpc.google_compute_network.vpc_network",
            "module.vpc.google_compute_subnetwork.subnet-1",
            "module.vpc.google_compute_subnetwork.subnet-2"
          ]
        }
      ]
    },
    {
      "module": "module.vpc",
      "mode": "managed",
      "type": "google_compute_firewall",
      "name": "my-firewall",
      "provider": "provider[\"registry.terraform.io/hashicorp/google\"]",
      "instances": [
        {
          "schema_version": 1,
          "attributes": {
            "allow": [
              {
                "ports": [],
                "protocol": "all"
              }
            ],
            "creation_timestamp": "2023-10-23T00:59:59.195-07:00",
            "deny": [],
            "description": "",
            "destination_ranges": [],
            "direction": "INGRESS",
            "disabled": false,
            "enable_logging": null,
            "id": "projects/devops-102023/global/firewalls/allow-all",
            "log_config": [],
            "name": "allow-all",
            "network": "https://www.googleapis.com/compute/v1/projects/devops-102023/global/networks/devops-vpc",
            "priority": 1000,
            "project": "devops-102023",
            "self_link": "https://www.googleapis.com/compute/v1/projects/devops-102023/global/firewalls/allow-all",
            "source_ranges": [
              "0.0.0.0/0"
            ],
            "source_service_accounts": [],
            "source_tags": [],
            "target_service_accounts": [],
            "target_tags": [],
            "timeouts": null
          },
          "sensitive_attributes": [],
          "private": "eyJlMmJmYjczMC1lY2FhLTExZTYtOGY4OC0zNDM2M2JjN2M0YzAiOnsiY3JlYXRlIjoxMjAwMDAwMDAwMDAwLCJkZWxldGUiOjEyMDAwMDAwMDAwMDAsInVwZGF0ZSI6MTIwMDAwMDAwMDAwMH0sInNjaGVtYV92ZXJzaW9uIjoiMSJ9",
          "dependencies": [
            "module.vpc.google_compute_network.vpc_network"
          ]
        }
      ]
    },
    {
      "module": "module.vpc",
      "mode": "managed",
      "type": "google_compute_network",
      "name": "vpc_network",
      "provider": "provider[\"registry.terraform.io/hashicorp/google\"]",
      "instances": [
        {
          "schema_version": 0,
          "attributes": {
            "auto_create_subnetworks": false,
            "delete_default_routes_on_create": false,
            "description": "",
            "enable_ula_internal_ipv6": false,
            "gateway_ipv4": "",
            "id": "projects/devops-102023/global/networks/devops-vpc",
            "internal_ipv6_range": "",
            "mtu": 0,
            "name": "devops-vpc",
            "network_firewall_policy_enforcement_order": "AFTER_CLASSIC_FIREWALL",
            "project": "devops-102023",
            "routing_mode": "REGIONAL",
            "self_link": "https://www.googleapis.com/compute/v1/projects/devops-102023/global/networks/devops-vpc",
            "timeouts": null
          },
          "sensitive_attributes": [],
          "private": "eyJlMmJmYjczMC1lY2FhLTExZTYtOGY4OC0zNDM2M2JjN2M0YzAiOnsiY3JlYXRlIjoxMjAwMDAwMDAwMDAwLCJkZWxldGUiOjEyMDAwMDAwMDAwMDAsInVwZGF0ZSI6MTIwMDAwMDAwMDAwMH19"
        }
      ]
    },
    {
      "module": "module.vpc",
      "mode": "managed",
      "type": "google_compute_subnetwork",
      "name": "subnet-1",
      "provider": "provider[\"registry.terraform.io/hashicorp/google\"]",
      "instances": [
        {
          "schema_version": 0,
          "attributes": {
            "creation_timestamp": "2023-10-23T01:00:00.335-07:00",
            "description": "",
            "external_ipv6_prefix": "",
            "fingerprint": null,
            "gateway_address": "10.0.1.1",
            "id": "projects/devops-102023/regions/us-central1/subnetworks/devops-vpc-subnet-1",
            "internal_ipv6_prefix": "",
            "ip_cidr_range": "10.0.1.0/24",
            "ipv6_access_type": "",
            "ipv6_cidr_range": "",
            "log_config": [],
            "name": "devops-vpc-subnet-1",
            "network": "https://www.googleapis.com/compute/v1/projects/devops-102023/global/networks/devops-vpc",
            "private_ip_google_access": true,
            "private_ipv6_google_access": "DISABLE_GOOGLE_ACCESS",
            "project": "devops-102023",
            "purpose": "PRIVATE",
            "region": "us-central1",
            "role": "",
            "secondary_ip_range": [
              {
                "ip_cidr_range": "10.112.0.0/20",
                "range_name": "gke-devops-k8s-services-8cfe3ac5"
              },
              {
                "ip_cidr_range": "10.108.0.0/14",
                "range_name": "gke-devops-k8s-pods-8cfe3ac5"
              }
            ],
            "self_link": "https://www.googleapis.com/compute/v1/projects/devops-102023/regions/us-central1/subnetworks/devops-vpc-subnet-1",
            "stack_type": "IPV4_ONLY",
            "timeouts": null
          },
          "sensitive_attributes": [],
          "private": "eyJlMmJmYjczMC1lY2FhLTExZTYtOGY4OC0zNDM2M2JjN2M0YzAiOnsiY3JlYXRlIjoxMjAwMDAwMDAwMDAwLCJkZWxldGUiOjEyMDAwMDAwMDAwMDAsInVwZGF0ZSI6MTIwMDAwMDAwMDAwMH19",
          "dependencies": [
            "module.vpc.google_compute_network.vpc_network"
          ]
        }
      ]
    },
    {
      "module": "module.vpc",
      "mode": "managed",
      "type": "google_compute_subnetwork",
      "name": "subnet-2",
      "provider": "provider[\"registry.terraform.io/hashicorp/google\"]",
      "instances": [
        {
          "schema_version": 0,
          "attributes": {
            "creation_timestamp": "2023-10-23T01:00:01.530-07:00",
            "description": "",
            "external_ipv6_prefix": "",
            "fingerprint": null,
            "gateway_address": "10.0.2.1",
            "id": "projects/devops-102023/regions/us-central1/subnetworks/devops-vpc-subnet-2",
            "internal_ipv6_prefix": "",
            "ip_cidr_range": "10.0.2.0/24",
            "ipv6_access_type": "",
            "ipv6_cidr_range": "",
            "log_config": [],
            "name": "devops-vpc-subnet-2",
            "network": "https://www.googleapis.com/compute/v1/projects/devops-102023/global/networks/devops-vpc",
            "private_ip_google_access": false,
            "private_ipv6_google_access": "DISABLE_GOOGLE_ACCESS",
            "project": "devops-102023",
            "purpose": "PRIVATE",
            "region": "us-central1",
            "role": "",
            "secondary_ip_range": [],
            "self_link": "https://www.googleapis.com/compute/v1/projects/devops-102023/regions/us-central1/subnetworks/devops-vpc-subnet-2",
            "stack_type": "IPV4_ONLY",
            "timeouts": null
          },
          "sensitive_attributes": [],
          "private": "eyJlMmJmYjczMC1lY2FhLTExZTYtOGY4OC0zNDM2M2JjN2M0YzAiOnsiY3JlYXRlIjoxMjAwMDAwMDAwMDAwLCJkZWxldGUiOjEyMDAwMDAwMDAwMDAsInVwZGF0ZSI6MTIwMDAwMDAwMDAwMH19",
          "dependencies": [
            "module.vpc.google_compute_network.vpc_network"
          ]
        }
      ]
    }
  ],
  "check_results": null
}
